{
	"name": "test1-crossword",
	"version": "1.0.0",
	"lockfileVersion": 1,
	"requires": true,
	"dependencies": {
		"del": {
			"version": "2.2.2",
			"resolved": "https://registry.npmjs.org/del/-/del-2.2.2.tgz",
			"integrity": "sha1-wSyYHQZ4RshLyvhiz/kw2Qf/0ag=",
			"dev": true,
			"dependencies": {
				"object-assign": {
					"version": "4.1.1",
					"resolved": "https://registry.npmjs.org/object-assign/-/object-assign-4.1.1.tgz",
					"integrity": "sha1-IQmtx5ZYh8/AXLvUQsrIv7s2CGM="
				}
			}
		},
		"firebase": {
			"version": "4.12.1",
			"resolved": "https://registry.npmjs.org/firebase/-/firebase-4.12.1.tgz",
			"integrity": "sha512-jxVaiA8DihCkhtwcwdufWayUba6jPuylcgttBu1KccHLtAn7XmIiX5IUDMvJy2s7J9DA+66KeNa7CboAauTGGw=="
		},
		"gulp": {
			"version": "3.9.1",
			"resolved": "https://registry.npmjs.org/gulp/-/gulp-3.9.1.tgz",
			"integrity": "sha1-VxzkWSjdQK9lFPxAEYZgFsE4RbQ=",
			"dev": true,
			"dependencies": {
				"semver": {
					"version": "4.3.6",
					"resolved": "https://registry.npmjs.org/semver/-/semver-4.3.6.tgz",
					"integrity": "sha1-MAvG4OhjdPe6YQaLWx7NV/xlMto="
				}
			}
		},
		"gulp-autoprefixer": {
			"version": "3.1.1",
			"resolved": "https://registry.npmjs.org/gulp-autoprefixer/-/gulp-autoprefixer-3.1.1.tgz",
			"integrity": "sha1-dSMAUc0NFxND14O36bXREg7u+bA=",
			"dev": true
		},
		"gulp-concat": {
			"version": "2.6.1",
			"resolved": "https://registry.npmjs.org/gulp-concat/-/gulp-concat-2.6.1.tgz",
			"integrity": "sha1-Yz0WyV2IUEYorQJmVmPO5aR5M1M=",
			"dev": true,
			"dependencies": {
				"clone": {
					"version": "2.1.2",
					"resolved": "https://registry.npmjs.org/clone/-/clone-2.1.2.tgz",
					"integrity": "sha1-G39Ln1kfHo+DZwQBYANFoCiHQ18="
				},
				"clone-stats": {
					"version": "1.0.0",
					"resolved": "https://registry.npmjs.org/clone-stats/-/clone-stats-1.0.0.tgz",
					"integrity": "sha1-s3gt/4u1R04Yuba/D9/ngvh3doA="
				},
				"replace-ext": {
					"version": "1.0.0",
					"resolved": "https://registry.npmjs.org/replace-ext/-/replace-ext-1.0.0.tgz",
					"integrity": "sha1-3mMSg3P8v3w8z6TeWkgMRaZ5WOs="
				},
				"vinyl": {
					"version": "2.1.0",
					"resolved": "https://registry.npmjs.org/vinyl/-/vinyl-2.1.0.tgz",
					"integrity": "sha1-Ah+cLPlR1rk5lDyJ617lrdT9kkw="
				}
			}
		},
		"gulp-copy": {
			"version": "0.0.2",
			"resolved": "https://registry.npmjs.org/gulp-copy/-/gulp-copy-0.0.2.tgz",
			"integrity": "sha1-PcyMQmepweDKC4P6unDOir8lqIY=",
			"dev": true,
			"dependencies": {
				"ansi-regex": {
					"version": "0.2.1",
					"resolved": "https://registry.npmjs.org/ansi-regex/-/ansi-regex-0.2.1.tgz",
					"integrity": "sha1-DY6UaWej2BQ/k+JOKYUl/BsiNfk="
				},
				"ansi-styles": {
					"version": "1.1.0",
					"resolved": "https://registry.npmjs.org/ansi-styles/-/ansi-styles-1.1.0.tgz",
					"integrity": "sha1-6uy/Zs1waIJ2Cy9GkVgrj1XXp94="
				},
				"chalk": {
					"version": "0.5.1",
					"resolved": "https://registry.npmjs.org/chalk/-/chalk-0.5.1.tgz",
					"integrity": "sha1-Zjs6ZItotV0EaQ1JFnqoN4WPIXQ="
				},
				"dateformat": {
					"version": "1.0.12",
					"resolved": "https://registry.npmjs.org/dateformat/-/dateformat-1.0.12.tgz",
					"integrity": "sha1-nxJLZ1lMk3/3BpMuSmQsyo27/uk="
				},
				"gulp-util": {
					"version": "2.2.20",
					"resolved": "https://registry.npmjs.org/gulp-util/-/gulp-util-2.2.20.tgz",
					"integrity": "sha1-1xRuVyiRC9jwR6awseVJvCLb1kw="
				},
				"has-ansi": {
					"version": "0.1.0",
					"resolved": "https://registry.npmjs.org/has-ansi/-/has-ansi-0.1.0.tgz",
					"integrity": "sha1-hPJlqujA5qiKEtcCKJS3VoiUxi4="
				},
				"lodash._reinterpolate": {
					"version": "2.4.1",
					"resolved": "https://registry.npmjs.org/lodash._reinterpolate/-/lodash._reinterpolate-2.4.1.tgz",
					"integrity": "sha1-TxInqlqHEfxjL1sHofRgequLMiI="
				},
				"lodash.escape": {
					"version": "2.4.1",
					"resolved": "https://registry.npmjs.org/lodash.escape/-/lodash.escape-2.4.1.tgz",
					"integrity": "sha1-LOEsXghNsKV92l5dHu659dF1o7Q="
				},
				"lodash.keys": {
					"version": "2.4.1",
					"resolved": "https://registry.npmjs.org/lodash.keys/-/lodash.keys-2.4.1.tgz",
					"integrity": "sha1-SN6kbfj/djKxDXBrissmWR4rNyc="
				},
				"lodash.template": {
					"version": "2.4.1",
					"resolved": "https://registry.npmjs.org/lodash.template/-/lodash.template-2.4.1.tgz",
					"integrity": "sha1-nmEQB+32KRKal0qzxIuBez4c8g0="
				},
				"lodash.templatesettings": {
					"version": "2.4.1",
					"resolved": "https://registry.npmjs.org/lodash.templatesettings/-/lodash.templatesettings-2.4.1.tgz",
					"integrity": "sha1-6nbHXRHrhtTb6JqDiTu4YZKaxpk="
				},
				"minimist": {
					"version": "0.2.0",
					"resolved": "https://registry.npmjs.org/minimist/-/minimist-0.2.0.tgz",
					"integrity": "sha1-Tf/lJdriuGTGbC4jxicdev3s784="
				},
				"readable-stream": {
					"version": "1.0.34",
					"resolved": "https://registry.npmjs.org/readable-stream/-/readable-stream-1.0.34.tgz",
					"integrity": "sha1-Elgg40vIQtLyqq+v5MKRbuMsFXw="
				},
				"strip-ansi": {
					"version": "0.3.0",
					"resolved": "https://registry.npmjs.org/strip-ansi/-/strip-ansi-0.3.0.tgz",
					"integrity": "sha1-JfSOoiynkYfzF0pNuHWTR7sSYiA="
				},
				"supports-color": {
					"version": "0.2.0",
					"resolved": "https://registry.npmjs.org/supports-color/-/supports-color-0.2.0.tgz",
					"integrity": "sha1-2S3iaU6z9nMjlz1649i1W0wiGQo="
				},
				"through2": {
					"version": "0.5.1",
					"resolved": "https://registry.npmjs.org/through2/-/through2-0.5.1.tgz",
					"integrity": "sha1-390BLrnHAOIyP9M084rGIqs3Lac="
				},
				"vinyl": {
					"version": "0.2.3",
					"resolved": "https://registry.npmjs.org/vinyl/-/vinyl-0.2.3.tgz",
					"integrity": "sha1-vKk4IJWC7FpJrVOKAPofEl5RMlI="
				},
				"xtend": {
					"version": "3.0.0",
					"resolved": "https://registry.npmjs.org/xtend/-/xtend-3.0.0.tgz",
					"integrity": "sha1-XM50B7r2Qsunvs2laBEcST9ZZlo="
				}
			}
		},
		"gulp-cssmin": {
			"version": "0.1.7",
			"resolved": "https://registry.npmjs.org/gulp-cssmin/-/gulp-cssmin-0.1.7.tgz",
			"integrity": "sha1-9Xb+UhHRB7qpQBUEJJv4eu0VVr0=",
			"dev": true,
			"dependencies": {
				"ansi-regex": {
					"version": "0.2.1",
					"resolved": "https://registry.npmjs.org/ansi-regex/-/ansi-regex-0.2.1.tgz",
					"integrity": "sha1-DY6UaWej2BQ/k+JOKYUl/BsiNfk="
				},
				"ansi-styles": {
					"version": "1.1.0",
					"resolved": "https://registry.npmjs.org/ansi-styles/-/ansi-styles-1.1.0.tgz",
					"integrity": "sha1-6uy/Zs1waIJ2Cy9GkVgrj1XXp94="
				},
				"chalk": {
					"version": "0.5.1",
					"resolved": "https://registry.npmjs.org/chalk/-/chalk-0.5.1.tgz",
					"integrity": "sha1-Zjs6ZItotV0EaQ1JFnqoN4WPIXQ="
				},
				"dateformat": {
					"version": "1.0.12",
					"resolved": "https://registry.npmjs.org/dateformat/-/dateformat-1.0.12.tgz",
					"integrity": "sha1-nxJLZ1lMk3/3BpMuSmQsyo27/uk="
				},
				"graceful-fs": {
					"version": "2.0.3",
					"resolved": "https://registry.npmjs.org/graceful-fs/-/graceful-fs-2.0.3.tgz",
					"integrity": "sha1-fNLNsiiko/Nule+mzBQt59GhNtA="
				},
				"gulp-rename": {
					"version": "1.1.0",
					"resolved": "https://registry.npmjs.org/gulp-rename/-/gulp-rename-1.1.0.tgz",
					"integrity": "sha1-kwkKqvTThsB/IFOKaIjxXvunJ6E="
				},
				"gulp-util": {
					"version": "2.2.20",
					"resolved": "https://registry.npmjs.org/gulp-util/-/gulp-util-2.2.20.tgz",
					"integrity": "sha1-1xRuVyiRC9jwR6awseVJvCLb1kw="
				},
				"has-ansi": {
					"version": "0.1.0",
					"resolved": "https://registry.npmjs.org/has-ansi/-/has-ansi-0.1.0.tgz",
					"integrity": "sha1-hPJlqujA5qiKEtcCKJS3VoiUxi4="
				},
				"lodash._reinterpolate": {
					"version": "2.4.1",
					"resolved": "https://registry.npmjs.org/lodash._reinterpolate/-/lodash._reinterpolate-2.4.1.tgz",
					"integrity": "sha1-TxInqlqHEfxjL1sHofRgequLMiI="
				},
				"lodash.escape": {
					"version": "2.4.1",
					"resolved": "https://registry.npmjs.org/lodash.escape/-/lodash.escape-2.4.1.tgz",
					"integrity": "sha1-LOEsXghNsKV92l5dHu659dF1o7Q="
				},
				"lodash.keys": {
					"version": "2.4.1",
					"resolved": "https://registry.npmjs.org/lodash.keys/-/lodash.keys-2.4.1.tgz",
					"integrity": "sha1-SN6kbfj/djKxDXBrissmWR4rNyc="
				},
				"lodash.template": {
					"version": "2.4.1",
					"resolved": "https://registry.npmjs.org/lodash.template/-/lodash.template-2.4.1.tgz",
					"integrity": "sha1-nmEQB+32KRKal0qzxIuBez4c8g0="
				},
				"lodash.templatesettings": {
					"version": "2.4.1",
					"resolved": "https://registry.npmjs.org/lodash.templatesettings/-/lodash.templatesettings-2.4.1.tgz",
					"integrity": "sha1-6nbHXRHrhtTb6JqDiTu4YZKaxpk="
				},
				"minimist": {
					"version": "0.2.0",
					"resolved": "https://registry.npmjs.org/minimist/-/minimist-0.2.0.tgz",
					"integrity": "sha1-Tf/lJdriuGTGbC4jxicdev3s784="
				},
				"readable-stream": {
					"version": "1.0.34",
					"resolved": "https://registry.npmjs.org/readable-stream/-/readable-stream-1.0.34.tgz",
					"integrity": "sha1-Elgg40vIQtLyqq+v5MKRbuMsFXw="
				},
				"strip-ansi": {
					"version": "0.3.0",
					"resolved": "https://registry.npmjs.org/strip-ansi/-/strip-ansi-0.3.0.tgz",
					"integrity": "sha1-JfSOoiynkYfzF0pNuHWTR7sSYiA="
				},
				"supports-color": {
					"version": "0.2.0",
					"resolved": "https://registry.npmjs.org/supports-color/-/supports-color-0.2.0.tgz",
					"integrity": "sha1-2S3iaU6z9nMjlz1649i1W0wiGQo="
				},
				"through2": {
					"version": "0.5.1",
					"resolved": "https://registry.npmjs.org/through2/-/through2-0.5.1.tgz",
					"integrity": "sha1-390BLrnHAOIyP9M084rGIqs3Lac="
				},
				"vinyl": {
					"version": "0.2.3",
					"resolved": "https://registry.npmjs.org/vinyl/-/vinyl-0.2.3.tgz",
					"integrity": "sha1-vKk4IJWC7FpJrVOKAPofEl5RMlI="
				},
				"xtend": {
					"version": "3.0.0",
					"resolved": "https://registry.npmjs.org/xtend/-/xtend-3.0.0.tgz",
					"integrity": "sha1-XM50B7r2Qsunvs2laBEcST9ZZlo="
				}
			}
		},
		"gulp-jshint": {
			"version": "2.0.4",
			"resolved": "https://registry.npmjs.org/gulp-jshint/-/gulp-jshint-2.0.4.tgz",
			"integrity": "sha1-84KxhWSxBy3vDJqvdTwUba208Og=",
			"dev": true
		},
		"gulp-less": {
			"version": "3.1.0",
			"resolved": "https://registry.npmjs.org/gulp-less/-/gulp-less-3.1.0.tgz",
			"integrity": "sha1-xUwu4BTr5uE1v8sBadtN25NQbeY=",
			"dev": true,
			"dependencies": {
				"object-assign": {
					"version": "4.1.1",
					"resolved": "https://registry.npmjs.org/object-assign/-/object-assign-4.1.1.tgz",
					"integrity": "sha1-IQmtx5ZYh8/AXLvUQsrIv7s2CGM="
				}
			}
		},
		"gulp-lesshint": {
			"version": "2.0.0",
			"resolved": "https://registry.npmjs.org/gulp-lesshint/-/gulp-lesshint-2.0.0.tgz",
			"integrity": "sha1-WgFjiLlUrMkzm4BaAzCsOLj1PEM=",
			"dev": true
		},
		"gulp-live-server": {
			"version": "0.0.30",
			"resolved": "https://registry.npmjs.org/gulp-live-server/-/gulp-live-server-0.0.30.tgz",
			"integrity": "sha1-xMMSi9HDJJqg608FDA9xvuh3B94=",
			"dev": true,
			"dependencies": {
				"debug": {
					"version": "2.6.9",
					"resolved": "https://registry.npmjs.org/debug/-/debug-2.6.9.tgz",
					"integrity": "sha512-bC7ElrdJaJnPbAP+1EotYvqZsb3ecl5wi6Bfi6BJTUcNowp6cvspg0jXznRTKDjm/E7AdgFBVeAPVMNcKGsHMA=="
				}
			}
		},
		"gulp-livereload": {
			"version": "3.8.1",
			"resolved": "https://registry.npmjs.org/gulp-livereload/-/gulp-livereload-3.8.1.tgz",
			"integrity": "sha1-APdEstdJ0+njdGWJyKRKysd5tQ8=",
			"dev": true,
			"dependencies": {
				"ansi-regex": {
					"version": "0.2.1",
					"resolved": "https://registry.npmjs.org/ansi-regex/-/ansi-regex-0.2.1.tgz",
					"integrity": "sha1-DY6UaWej2BQ/k+JOKYUl/BsiNfk="
				},
				"ansi-styles": {
					"version": "1.1.0",
					"resolved": "https://registry.npmjs.org/ansi-styles/-/ansi-styles-1.1.0.tgz",
					"integrity": "sha1-6uy/Zs1waIJ2Cy9GkVgrj1XXp94="
				},
				"chalk": {
					"version": "0.5.1",
					"resolved": "https://registry.npmjs.org/chalk/-/chalk-0.5.1.tgz",
					"integrity": "sha1-Zjs6ZItotV0EaQ1JFnqoN4WPIXQ="
				},
				"debug": {
					"version": "2.6.9",
					"resolved": "https://registry.npmjs.org/debug/-/debug-2.6.9.tgz",
					"integrity": "sha512-bC7ElrdJaJnPbAP+1EotYvqZsb3ecl5wi6Bfi6BJTUcNowp6cvspg0jXznRTKDjm/E7AdgFBVeAPVMNcKGsHMA=="
				},
				"has-ansi": {
					"version": "0.1.0",
					"resolved": "https://registry.npmjs.org/has-ansi/-/has-ansi-0.1.0.tgz",
					"integrity": "sha1-hPJlqujA5qiKEtcCKJS3VoiUxi4="
				},
				"lodash.assign": {
					"version": "3.2.0",
					"resolved": "https://registry.npmjs.org/lodash.assign/-/lodash.assign-3.2.0.tgz",
					"integrity": "sha1-POnwI0tLIiPilrj6CsH+6OvKZPo="
				},
				"strip-ansi": {
					"version": "0.3.0",
					"resolved": "https://registry.npmjs.org/strip-ansi/-/strip-ansi-0.3.0.tgz",
					"integrity": "sha1-JfSOoiynkYfzF0pNuHWTR7sSYiA="
				},
				"supports-color": {
					"version": "0.2.0",
					"resolved": "https://registry.npmjs.org/supports-color/-/supports-color-0.2.0.tgz",
					"integrity": "sha1-2S3iaU6z9nMjlz1649i1W0wiGQo="
				}
			}
		},
		"gulp-load-plugins": {
			"version": "1.3.0",
			"resolved": "https://registry.npmjs.org/gulp-load-plugins/-/gulp-load-plugins-1.3.0.tgz",
			"integrity": "sha1-vqz1P3cBLuug/NOiY4FkB8tK2gw=",
			"dev": true,
			"dependencies": {
				"arr-diff": {
					"version": "2.0.0",
					"resolved": "https://registry.npmjs.org/arr-diff/-/arr-diff-2.0.0.tgz",
					"integrity": "sha1-jzuCf5Vai9ZpaX5KQlasPOrjVs8="
				},
				"array-unique": {
					"version": "0.2.1",
					"resolved": "https://registry.npmjs.org/array-unique/-/array-unique-0.2.1.tgz",
					"integrity": "sha1-odl8yvy8JiXMcPrc6zalDFiwGlM="
				},
				"braces": {
					"version": "1.8.5",
					"resolved": "https://registry.npmjs.org/braces/-/braces-1.8.5.tgz",
					"integrity": "sha1-uneWLhLf+WnWt2cR6RS3N4V79qc="
				},
				"detect-file": {
					"version": "0.1.0",
					"resolved": "https://registry.npmjs.org/detect-file/-/detect-file-0.1.0.tgz",
					"integrity": "sha1-STXe39lIhkjgBrASlWbpOGcR6mM="
				},
				"expand-brackets": {
					"version": "0.1.5",
					"resolved": "https://registry.npmjs.org/expand-brackets/-/expand-brackets-0.1.5.tgz",
					"integrity": "sha1-3wcoTjQqgHzXM6xa9yQR5YHRF3s="
				},
				"expand-tilde": {
					"version": "1.2.2",
					"resolved": "https://registry.npmjs.org/expand-tilde/-/expand-tilde-1.2.2.tgz",
					"integrity": "sha1-C4HrqJflo9MdHD0QL48BRB5VlEk="
				},
				"extglob": {
					"version": "0.3.2",
					"resolved": "https://registry.npmjs.org/extglob/-/extglob-0.3.2.tgz",
					"integrity": "sha1-Lhj/PS9JqydlzskCPwEdqo2DSaE="
				},
				"findup-sync": {
					"version": "0.4.3",
					"resolved": "https://registry.npmjs.org/findup-sync/-/findup-sync-0.4.3.tgz",
					"integrity": "sha1-QAQ5Kee8YK3wt/SCfExudaDeyhI="
				},
				"global-modules": {
					"version": "0.2.3",
					"resolved": "https://registry.npmjs.org/global-modules/-/global-modules-0.2.3.tgz",
					"integrity": "sha1-6lo77ULG1s6ZWk+KEmm12uIjgo0="
				},
				"global-prefix": {
					"version": "0.1.5",
					"resolved": "https://registry.npmjs.org/global-prefix/-/global-prefix-0.1.5.tgz",
					"integrity": "sha1-jTvGuNo8qBEqFg2NSW/wRiv+948="
				},
				"is-extglob": {
					"version": "1.0.0",
					"resolved": "https://registry.npmjs.org/is-extglob/-/is-extglob-1.0.0.tgz",
					"integrity": "sha1-rEaBd8SUNAWgkvyPKXYMb/xiBsA="
				},
				"is-glob": {
					"version": "2.0.1",
					"resolved": "https://registry.npmjs.org/is-glob/-/is-glob-2.0.1.tgz",
					"integrity": "sha1-0Jb5JqPe1WAPP9/ZEZjLCIjC2GM="
				},
				"is-windows": {
					"version": "0.2.0",
					"resolved": "https://registry.npmjs.org/is-windows/-/is-windows-0.2.0.tgz",
					"integrity": "sha1-3hqm1j6indJIc3tp8f+LgALSEIw="
				},
				"kind-of": {
					"version": "3.2.2",
					"resolved": "https://registry.npmjs.org/kind-of/-/kind-of-3.2.2.tgz",
					"integrity": "sha1-MeohpzS6ubuw8yRm2JOupR5KPGQ="
				},
				"micromatch": {
					"version": "2.3.11",
					"resolved": "https://registry.npmjs.org/micromatch/-/micromatch-2.3.11.tgz",
					"integrity": "sha1-hmd8l9FyCzY0MdBNDRUpO9OMFWU="
				},
				"resolve-dir": {
					"version": "0.1.1",
					"resolved": "https://registry.npmjs.org/resolve-dir/-/resolve-dir-0.1.1.tgz",
					"integrity": "sha1-shklmlYC+sXFxJatiUpujMQwJh4="
				}
			}
		},
		"gulp-minify": {
			"version": "0.0.14",
			"resolved": "https://registry.npmjs.org/gulp-minify/-/gulp-minify-0.0.14.tgz",
			"integrity": "sha1-sPeYd0L8tRezcTCNr3kcr7Bm0aw=",
			"dev": true,
			"dependencies": {
				"ansi-regex": {
					"version": "0.2.1",
					"resolved": "https://registry.npmjs.org/ansi-regex/-/ansi-regex-0.2.1.tgz",
					"integrity": "sha1-DY6UaWej2BQ/k+JOKYUl/BsiNfk="
				},
				"ansi-styles": {
					"version": "1.1.0",
					"resolved": "https://registry.npmjs.org/ansi-styles/-/ansi-styles-1.1.0.tgz",
					"integrity": "sha1-6uy/Zs1waIJ2Cy9GkVgrj1XXp94="
				},
				"chalk": {
					"version": "0.5.1",
					"resolved": "https://registry.npmjs.org/chalk/-/chalk-0.5.1.tgz",
					"integrity": "sha1-Zjs6ZItotV0EaQ1JFnqoN4WPIXQ="
				},
				"dateformat": {
					"version": "1.0.12",
					"resolved": "https://registry.npmjs.org/dateformat/-/dateformat-1.0.12.tgz",
					"integrity": "sha1-nxJLZ1lMk3/3BpMuSmQsyo27/uk="
				},
				"gulp-util": {
					"version": "2.2.20",
					"resolved": "https://registry.npmjs.org/gulp-util/-/gulp-util-2.2.20.tgz",
					"integrity": "sha1-1xRuVyiRC9jwR6awseVJvCLb1kw=",
					"dependencies": {
						"through2": {
							"version": "0.5.1",
							"resolved": "https://registry.npmjs.org/through2/-/through2-0.5.1.tgz",
							"integrity": "sha1-390BLrnHAOIyP9M084rGIqs3Lac="
						}
					}
				},
				"has-ansi": {
					"version": "0.1.0",
					"resolved": "https://registry.npmjs.org/has-ansi/-/has-ansi-0.1.0.tgz",
					"integrity": "sha1-hPJlqujA5qiKEtcCKJS3VoiUxi4="
				},
				"lodash._reinterpolate": {
					"version": "2.4.1",
					"resolved": "https://registry.npmjs.org/lodash._reinterpolate/-/lodash._reinterpolate-2.4.1.tgz",
					"integrity": "sha1-TxInqlqHEfxjL1sHofRgequLMiI="
				},
				"lodash.escape": {
					"version": "2.4.1",
					"resolved": "https://registry.npmjs.org/lodash.escape/-/lodash.escape-2.4.1.tgz",
					"integrity": "sha1-LOEsXghNsKV92l5dHu659dF1o7Q="
				},
				"lodash.keys": {
					"version": "2.4.1",
					"resolved": "https://registry.npmjs.org/lodash.keys/-/lodash.keys-2.4.1.tgz",
					"integrity": "sha1-SN6kbfj/djKxDXBrissmWR4rNyc="
				},
				"lodash.template": {
					"version": "2.4.1",
					"resolved": "https://registry.npmjs.org/lodash.template/-/lodash.template-2.4.1.tgz",
					"integrity": "sha1-nmEQB+32KRKal0qzxIuBez4c8g0="
				},
				"lodash.templatesettings": {
					"version": "2.4.1",
					"resolved": "https://registry.npmjs.org/lodash.templatesettings/-/lodash.templatesettings-2.4.1.tgz",
					"integrity": "sha1-6nbHXRHrhtTb6JqDiTu4YZKaxpk="
				},
				"minimist": {
					"version": "0.2.0",
					"resolved": "https://registry.npmjs.org/minimist/-/minimist-0.2.0.tgz",
					"integrity": "sha1-Tf/lJdriuGTGbC4jxicdev3s784="
				},
				"readable-stream": {
					"version": "1.0.34",
					"resolved": "https://registry.npmjs.org/readable-stream/-/readable-stream-1.0.34.tgz",
					"integrity": "sha1-Elgg40vIQtLyqq+v5MKRbuMsFXw="
				},
				"strip-ansi": {
					"version": "0.3.0",
					"resolved": "https://registry.npmjs.org/strip-ansi/-/strip-ansi-0.3.0.tgz",
					"integrity": "sha1-JfSOoiynkYfzF0pNuHWTR7sSYiA="
				},
				"supports-color": {
					"version": "0.2.0",
					"resolved": "https://registry.npmjs.org/supports-color/-/supports-color-0.2.0.tgz",
					"integrity": "sha1-2S3iaU6z9nMjlz1649i1W0wiGQo="
				},
				"through2": {
					"version": "0.4.2",
					"resolved": "https://registry.npmjs.org/through2/-/through2-0.4.2.tgz",
					"integrity": "sha1-2/WGYDEVHsg1K7bE22SiKSqEC5s=",
					"dependencies": {
						"xtend": {
							"version": "2.1.2",
							"resolved": "https://registry.npmjs.org/xtend/-/xtend-2.1.2.tgz",
							"integrity": "sha1-bv7MKk2tjmlixJAbM3znuoe10os="
						}
					}
				},
				"vinyl": {
					"version": "0.2.3",
					"resolved": "https://registry.npmjs.org/vinyl/-/vinyl-0.2.3.tgz",
					"integrity": "sha1-vKk4IJWC7FpJrVOKAPofEl5RMlI="
				},
				"xtend": {
					"version": "3.0.0",
					"resolved": "https://registry.npmjs.org/xtend/-/xtend-3.0.0.tgz",
					"integrity": "sha1-XM50B7r2Qsunvs2laBEcST9ZZlo="
				}
			}
		},
		"gulp-postcss": {
			"version": "6.2.0",
			"resolved": "https://registry.npmjs.org/gulp-postcss/-/gulp-postcss-6.2.0.tgz",
			"integrity": "sha1-vgt8OrJaqppt3vP8Ze31LSvplkA=",
			"dev": true
		},
		"gulp-rename": {
			"version": "1.2.2",
			"resolved": "https://registry.npmjs.org/gulp-rename/-/gulp-rename-1.2.2.tgz",
			"integrity": "sha1-OtRCh2PwXidk3sHGfYaNsnVoeBc=",
			"dev": true
		},
		"gulp-sass": {
			"version": "3.2.1",
			"resolved": "https://registry.npmjs.org/gulp-sass/-/gulp-sass-3.2.1.tgz",
			"integrity": "sha512-UATbRpSDsyXCnpYSPBUEvdvtSEzksJs7/oQ0CujIpzKqKrO6vlnYwhX2UTsGrf4rNLwqlSSaM271It0uHYvJ3Q=="
		},
		"gulp-scss": {
			"version": "1.4.0",
			"resolved": "https://registry.npmjs.org/gulp-scss/-/gulp-scss-1.4.0.tgz",
			"integrity": "sha1-0Xy0GNFZOBX8N154ms2a6jq4TAo="
		},
		"gulp-sourcemaps": {
			"version": "2.2.3",
			"resolved": "https://registry.npmjs.org/gulp-sourcemaps/-/gulp-sourcemaps-2.2.3.tgz",
			"integrity": "sha1-r4BYLebsLQ1TgTJBCZG94v9NaRo=",
			"dev": true,
			"dependencies": {
				"strip-bom": {
					"version": "3.0.0",
					"resolved": "https://registry.npmjs.org/strip-bom/-/strip-bom-3.0.0.tgz",
					"integrity": "sha1-IzTBjpx1n3vdVv3vfprj1YjmjtM="
				},
				"vinyl": {
					"version": "1.2.0",
					"resolved": "https://registry.npmjs.org/vinyl/-/vinyl-1.2.0.tgz",
					"integrity": "sha1-XIgDbPVl5d8FVYv8kR+GVt8hiIQ="
				}
			}
		},
		"gulp-uglify": {
			"version": "2.0.1",
			"resolved": "https://registry.npmjs.org/gulp-uglify/-/gulp-uglify-2.0.1.tgz",
			"integrity": "sha1-6M+4MQFPyf8uBV4zeFhhgw1Jk2U=",
			"dev": true,
			"dependencies": {
				"async": {
					"version": "0.2.10",
					"resolved": "https://registry.npmjs.org/async/-/async-0.2.10.tgz",
					"integrity": "sha1-trvgsGdLnXGXCMo43owjfLUmw9E="
				},
				"camelcase": {
					"version": "1.2.1",
					"resolved": "https://registry.npmjs.org/camelcase/-/camelcase-1.2.1.tgz",
					"integrity": "sha1-m7UwTS4LVmmLLHWLCKPqqdqlijk="
				},
				"cliui": {
					"version": "2.1.0",
					"resolved": "https://registry.npmjs.org/cliui/-/cliui-2.1.0.tgz",
					"integrity": "sha1-S0dXYP+AJkx2LDoXGQMukcf+oNE="
				},
				"source-map": {
					"version": "0.5.7",
					"resolved": "https://registry.npmjs.org/source-map/-/source-map-0.5.7.tgz",
					"integrity": "sha1-igOdLRAh0i0eoUyA2OpGi6LvP8w="
				},
				"uglify-js": {
					"version": "2.7.5",
					"resolved": "https://registry.npmjs.org/uglify-js/-/uglify-js-2.7.5.tgz",
					"integrity": "sha1-RhLAx7qu4rp8SH3kkErhIgefLKg="
				},
				"window-size": {
					"version": "0.1.0",
					"resolved": "https://registry.npmjs.org/window-size/-/window-size-0.1.0.tgz",
					"integrity": "sha1-VDjNLqk7IC76Ohn+iIeu58lPnJ0="
				},
				"yargs": {
					"version": "3.10.0",
					"resolved": "https://registry.npmjs.org/yargs/-/yargs-3.10.0.tgz",
					"integrity": "sha1-9+572FfdfB0tOMDnTvvWgdFDH9E="
				}
			}
		},
		"gulp-watch": {
			"version": "4.3.11",
			"resolved": "https://registry.npmjs.org/gulp-watch/-/gulp-watch-4.3.11.tgz",
			"integrity": "sha1-Fi/FY96fx3DpH5p845VVE6mhGMA=",
			"dev": true,
			"dependencies": {
				"glob-parent": {
					"version": "3.1.0",
					"resolved": "https://registry.npmjs.org/glob-parent/-/glob-parent-3.1.0.tgz",
					"integrity": "sha1-nmr2KZ2NO9K9QEMIMr0RPfkGxa4="
				},
				"isarray": {
					"version": "1.0.0",
					"resolved": "https://registry.npmjs.org/isarray/-/isarray-1.0.0.tgz",
					"integrity": "sha1-u5NdSFgsuhaMBoNJV6VKPgcSTxE="
				},
				"object-assign": {
					"version": "4.1.1",
					"resolved": "https://registry.npmjs.org/object-assign/-/object-assign-4.1.1.tgz",
					"integrity": "sha1-IQmtx5ZYh8/AXLvUQsrIv7s2CGM="
				},
				"readable-stream": {
					"version": "2.3.6",
					"resolved": "https://registry.npmjs.org/readable-stream/-/readable-stream-2.3.6.tgz",
					"integrity": "sha512-tQtKA9WIAhBF3+VLAseyMqZeBjW0AHJoxOtYqSUZNJxauErmLbVm2FW1y+J/YA9dUrAC39ITejlZWhVIwawkKw=="
				},
				"string_decoder": {
					"version": "1.1.1",
					"resolved": "https://registry.npmjs.org/string_decoder/-/string_decoder-1.1.1.tgz",
					"integrity": "sha512-n/ShnvDi6FHbbVfviro+WojiFzv+s8MPMHBczVePfUpDJLwoLT0ht1l4YwBCbi8pJAveEEdnkHyPyTP/mzRfwg=="
				},
				"vinyl": {
					"version": "1.2.0",
					"resolved": "https://registry.npmjs.org/vinyl/-/vinyl-1.2.0.tgz",
					"integrity": "sha1-XIgDbPVl5d8FVYv8kR+GVt8hiIQ="
				}
			}
		},
		"jquery": {
			"version": "3.5.0",
			"resolved": "https://registry.npmjs.org/jquery/-/jquery-3.5.0.tgz",
			"integrity": "sha512-Xb7SVYMvygPxbFMpTFQiHh1J7HClEaThguL15N/Gg37Lri/qKyhRGZYzHRyLH8Stq3Aow0LsHO2O2ci86fCrNQ==",
			"dev": true
		},
		"jshint": {
			"version": "2.9.5",
			"resolved": "https://registry.npmjs.org/jshint/-/jshint-2.9.5.tgz",
			"integrity": "sha1-HnJSkVzmgbQIJ+4UJIxG006apiw=",
			"dev": true,
			"dependencies": {
				"lodash": {
					"version": "3.7.0",
					"resolved": "https://registry.npmjs.org/lodash/-/lodash-3.7.0.tgz",
					"integrity": "sha1-Nni9irmVBXwHreg27S7wh9qBHUU="
				},
				"strip-json-comments": {
					"version": "1.0.4",
					"resolved": "https://registry.npmjs.org/strip-json-comments/-/strip-json-comments-1.0.4.tgz",
					"integrity": "sha1-HhX7ysl9Pumb8tc7TGVrCCu6+5E="
				}
			}
		},
		"jshint-stylish": {
			"version": "2.2.1",
			"resolved": "https://registry.npmjs.org/jshint-stylish/-/jshint-stylish-2.2.1.tgz",
			"integrity": "sha1-JCCCosA1rgP9gQROBXDMQgjPbmE=",
			"dev": true
		},
		"path": {
			"version": "0.12.7",
			"resolved": "https://registry.npmjs.org/path/-/path-0.12.7.tgz",
			"integrity": "sha1-1NwqUGxM4hl+tIHr/NWzbAFAsQ8=",
			"dev": true
		},
		"run-sequence": {
			"version": "1.2.2",
			"resolved": "https://registry.npmjs.org/run-sequence/-/run-sequence-1.2.2.tgz",
			"integrity": "sha1-UJWgvr6YczsBQL0I3YDsAw3azes=",
			"dev": true
		},
		"scss-compile": {
			"version": "0.1.7",
			"resolved": "https://registry.npmjs.org/scss-compile/-/scss-compile-0.1.7.tgz",
			"integrity": "sha1-P4En15wqbWNYJttCjFCBWrYBLn0="
		}
	}
}
